
Microsoft Visual Studio Solution File, Format Version 12.00
# Visual Studio Version 17
VisualStudioVersion = 17.5.33502.453
MinimumVisualStudioVersion = 10.0.40219.1
Project("{FAE04EC0-301F-11D3-BF4B-00C04F79EFBC}") = "Link_Estudo", "Link_Estudo.csproj", "{88F50604-214D-4DB5-B68B-18C90679D9D5}"
EndProject
Global
	GlobalSection(SolutionConfigurationPlatforms) = preSolution
		Debug|Any CPU = Debug|Any CPU
		Release|Any CPU = Release|Any CPU
	EndGlobalSection
	GlobalSection(ProjectConfigurationPlatforms) = postSolution
		{88F50604-214D-4DB5-B68B-18C90679D9D5}.Debug|Any CPU.ActiveCfg = Debug|Any CPU
		{88F50604-214D-4DB5-B68B-18C90679D9D5}.Debug|Any CPU.Build.0 = Debug|Any CPU
		{88F50604-214D-4DB5-B68B-18C90679D9D5}.Release|Any CPU.ActiveCfg = Release|Any CPU
		{88F50604-214D-4DB5-B68B-18C90679D9D5}.Release|Any CPU.Build.0 = Release|Any CPU
	EndGlobalSection
	GlobalSection(SolutionProperties) = preSolution
		HideSolutionNode = FALSE
	EndGlobalSection
	GlobalSection(ExtensibilityGlobals) = postSolution
		SolutionGuid = {AA3CFF8F-9BB1-45FE-8AEC-B33DE2F22A49}
	EndGlobalSection
EndGlobal
